
Microsoft Visual Studio Solution File, Format Version 12.00
# Visual Studio Version 17
VisualStudioVersion = 17.5.002.0
MinimumVisualStudioVersion = 10.0.40219.1
Project("{9A19103F-16F7-4668-BE54-9A1E7A4F7556}") = "Preguntados", "Preguntados.csproj", "{61A5AE7D-118E-454D-8708-A71E32AB5395}"
EndProject
Global
	GlobalSection(SolutionConfigurationPlatforms) = preSolution
		Debug|Any CPU = Debug|Any CPU
		Release|Any CPU = Release|Any CPU
	EndGlobalSection
	GlobalSection(ProjectConfigurationPlatforms) = postSolution
		{61A5AE7D-118E-454D-8708-A71E32AB5395}.Debug|Any CPU.ActiveCfg = Debug|Any CPU
		{61A5AE7D-118E-454D-8708-A71E32AB5395}.Debug|Any CPU.Build.0 = Debug|Any CPU
		{61A5AE7D-118E-454D-8708-A71E32AB5395}.Release|Any CPU.ActiveCfg = Release|Any CPU
		{61A5AE7D-118E-454D-8708-A71E32AB5395}.Release|Any CPU.Build.0 = Release|Any CPU
	EndGlobalSection
	GlobalSection(SolutionProperties) = preSolution
		HideSolutionNode = FALSE
	EndGlobalSection
	GlobalSection(ExtensibilityGlobals) = postSolution
		SolutionGuid = {AF31B8EB-C286-4012-B610-E9AF97A90163}
	EndGlobalSection
EndGlobal
